
Microsoft Visual Studio Solution File, Format Version 12.00
# Visual Studio Version 17
VisualStudioVersion = 17.7.34202.233
MinimumVisualStudioVersion = 10.0.40219.1
Project("{8BC9CEB8-8B4A-11D0-8D11-00A0C91BC942}") = "DOS", "DOS\DOS.vcxproj", "{1A4825CF-D2D5-4590-B043-DA977FF583EB}"
EndProject
Global
	GlobalSection(SolutionConfigurationPlatforms) = preSolution
		Debug|x64 = Debug|x64
		Debug|x86 = Debug|x86
		Release|x64 = Release|x64
		Release|x86 = Release|x86
	EndGlobalSection
	GlobalSection(ProjectConfigurationPlatforms) = postSolution
		{1A4825CF-D2D5-4590-B043-DA977FF583EB}.Debug|x64.ActiveCfg = Debug|x64
		{1A4825CF-D2D5-4590-B043-DA977FF583EB}.Debug|x64.Build.0 = Debug|x64
		{1A4825CF-D2D5-4590-B043-DA977FF583EB}.Debug|x86.ActiveCfg = Debug|Win32
		{1A4825CF-D2D5-4590-B043-DA977FF583EB}.Debug|x86.Build.0 = Debug|Win32
		{1A4825CF-D2D5-4590-B043-DA977FF583EB}.Release|x64.ActiveCfg = Release|x64
		{1A4825CF-D2D5-4590-B043-DA977FF583EB}.Release|x64.Build.0 = Release|x64
		{1A4825CF-D2D5-4590-B043-DA977FF583EB}.Release|x86.ActiveCfg = Release|Win32
		{1A4825CF-D2D5-4590-B043-DA977FF583EB}.Release|x86.Build.0 = Release|Win32
	EndGlobalSection
	GlobalSection(SolutionProperties) = preSolution
		HideSolutionNode = FALSE
	EndGlobalSection
	GlobalSection(ExtensibilityGlobals) = postSolution
		SolutionGuid = {FDC9E4EE-3C88-47B2-B490-8D10B1DC12E4}
	EndGlobalSection
EndGlobal
